
Microsoft Visual Studio Solution File, Format Version 12.00
# Visual Studio Version 17
VisualStudioVersion = 17.0.31903.59
MinimumVisualStudioVersion = 10.0.40219.1
Project("{2150E333-8FDC-42A3-9474-1A3956D46DE8}") = "Solution Items", "Solution Items", "{10789597-905D-41DF-A089-C975AE928C25}"
	ProjectSection(SolutionItems) = preProject
		.editorconfig = .editorconfig
		.gitignore = .gitignore
		README.md = README.md
	EndProjectSection
EndProject
Project("{2150E333-8FDC-42A3-9474-1A3956D46DE8}") = "Build Items", "Build Items", "{F30E510A-6DFE-4879-BE96-73B824AE3C95}"
	ProjectSection(SolutionItems) = preProject
		Directory.Build.props = Directory.Build.props
	EndProjectSection
EndProject
Project("{9A19103F-16F7-4668-BE54-9A1E7A4F7556}") = "Maid", "src\Maid\Maid.csproj", "{C636AEF9-E9E2-4E55-AC1A-06F77AC8BA7D}"
EndProject
Project("{9A19103F-16F7-4668-BE54-9A1E7A4F7556}") = "Maid.Test", "src\Maid.Test\Maid.Test.csproj", "{228C548E-3565-47CA-A012-A24852548B6B}"
EndProject
Project("{9A19103F-16F7-4668-BE54-9A1E7A4F7556}") = "Maid.Environment", "src\Maid.Environment\Maid.Environment.csproj", "{FCABCA0B-7DB7-41BB-B08C-4E52B13C3C76}"
EndProject
Project("{9A19103F-16F7-4668-BE54-9A1E7A4F7556}") = "Maid.SRLC", "src\Maid.SRLC\Maid.SRLC.csproj", "{4403915C-CAC8-475B-A41E-FAFA9DA5E850}"
EndProject
Global
	GlobalSection(SolutionConfigurationPlatforms) = preSolution
		Debug|Any CPU = Debug|Any CPU
		Release|Any CPU = Release|Any CPU
	EndGlobalSection
	GlobalSection(ProjectConfigurationPlatforms) = postSolution
		{C636AEF9-E9E2-4E55-AC1A-06F77AC8BA7D}.Debug|Any CPU.ActiveCfg = Debug|Any CPU
		{C636AEF9-E9E2-4E55-AC1A-06F77AC8BA7D}.Debug|Any CPU.Build.0 = Debug|Any CPU
		{C636AEF9-E9E2-4E55-AC1A-06F77AC8BA7D}.Release|Any CPU.ActiveCfg = Release|Any CPU
		{C636AEF9-E9E2-4E55-AC1A-06F77AC8BA7D}.Release|Any CPU.Build.0 = Release|Any CPU
		{228C548E-3565-47CA-A012-A24852548B6B}.Debug|Any CPU.ActiveCfg = Debug|Any CPU
		{228C548E-3565-47CA-A012-A24852548B6B}.Debug|Any CPU.Build.0 = Debug|Any CPU
		{228C548E-3565-47CA-A012-A24852548B6B}.Release|Any CPU.ActiveCfg = Release|Any CPU
		{228C548E-3565-47CA-A012-A24852548B6B}.Release|Any CPU.Build.0 = Release|Any CPU
		{FCABCA0B-7DB7-41BB-B08C-4E52B13C3C76}.Debug|Any CPU.ActiveCfg = Debug|Any CPU
		{FCABCA0B-7DB7-41BB-B08C-4E52B13C3C76}.Debug|Any CPU.Build.0 = Debug|Any CPU
		{FCABCA0B-7DB7-41BB-B08C-4E52B13C3C76}.Release|Any CPU.ActiveCfg = Release|Any CPU
		{FCABCA0B-7DB7-41BB-B08C-4E52B13C3C76}.Release|Any CPU.Build.0 = Release|Any CPU
		{4403915C-CAC8-475B-A41E-FAFA9DA5E850}.Debug|Any CPU.ActiveCfg = Debug|Any CPU
		{4403915C-CAC8-475B-A41E-FAFA9DA5E850}.Debug|Any CPU.Build.0 = Debug|Any CPU
		{4403915C-CAC8-475B-A41E-FAFA9DA5E850}.Release|Any CPU.ActiveCfg = Release|Any CPU
		{4403915C-CAC8-475B-A41E-FAFA9DA5E850}.Release|Any CPU.Build.0 = Release|Any CPU
	EndGlobalSection
	GlobalSection(SolutionProperties) = preSolution
		HideSolutionNode = FALSE
	EndGlobalSection
	GlobalSection(ExtensibilityGlobals) = postSolution
		SolutionGuid = {8A587BBF-1B64-49BF-8855-62E3069DCEB7}
	EndGlobalSection
EndGlobal
